
Microsoft Visual Studio Solution File, Format Version 12.00
# Visual Studio Version 16
VisualStudioVersion = 16.0.31624.102
MinimumVisualStudioVersion = 10.0.40219.1
Project("{9A19103F-16F7-4668-BE54-9A1E7A4F7556}") = "DAL", "DAL\DAL.csproj", "{350C0B5F-28FD-45E4-9384-C4CDF4E177F7}"
EndProject
Project("{9A19103F-16F7-4668-BE54-9A1E7A4F7556}") = "BLL", "BLL\BLL.csproj", "{229FE428-7F24-4F30-87AF-4FD523536782}"
EndProject
Project("{9A19103F-16F7-4668-BE54-9A1E7A4F7556}") = "UI", "UI\UI.csproj", "{8D699D99-84A1-4A75-8B18-48DCE33F15B8}"
EndProject
Global
	GlobalSection(SolutionConfigurationPlatforms) = preSolution
		Debug|Any CPU = Debug|Any CPU
		Release|Any CPU = Release|Any CPU
	EndGlobalSection
	GlobalSection(ProjectConfigurationPlatforms) = postSolution
		{350C0B5F-28FD-45E4-9384-C4CDF4E177F7}.Debug|Any CPU.ActiveCfg = Debug|Any CPU
		{350C0B5F-28FD-45E4-9384-C4CDF4E177F7}.Debug|Any CPU.Build.0 = Debug|Any CPU
		{350C0B5F-28FD-45E4-9384-C4CDF4E177F7}.Release|Any CPU.ActiveCfg = Release|Any CPU
		{350C0B5F-28FD-45E4-9384-C4CDF4E177F7}.Release|Any CPU.Build.0 = Release|Any CPU
		{229FE428-7F24-4F30-87AF-4FD523536782}.Debug|Any CPU.ActiveCfg = Debug|Any CPU
		{229FE428-7F24-4F30-87AF-4FD523536782}.Debug|Any CPU.Build.0 = Debug|Any CPU
		{229FE428-7F24-4F30-87AF-4FD523536782}.Release|Any CPU.ActiveCfg = Release|Any CPU
		{229FE428-7F24-4F30-87AF-4FD523536782}.Release|Any CPU.Build.0 = Release|Any CPU
		{8D699D99-84A1-4A75-8B18-48DCE33F15B8}.Debug|Any CPU.ActiveCfg = Debug|Any CPU
		{8D699D99-84A1-4A75-8B18-48DCE33F15B8}.Debug|Any CPU.Build.0 = Debug|Any CPU
		{8D699D99-84A1-4A75-8B18-48DCE33F15B8}.Release|Any CPU.ActiveCfg = Release|Any CPU
		{8D699D99-84A1-4A75-8B18-48DCE33F15B8}.Release|Any CPU.Build.0 = Release|Any CPU
	EndGlobalSection
	GlobalSection(SolutionProperties) = preSolution
		HideSolutionNode = FALSE
	EndGlobalSection
	GlobalSection(ExtensibilityGlobals) = postSolution
		SolutionGuid = {7FC05A5E-B7FC-43DB-9633-22A7CB65FB74}
	EndGlobalSection
EndGlobal
